
Microsoft Visual Studio Solution File, Format Version 12.00
# Visual Studio Version 16
VisualStudioVersion = 16.0.29102.190
MinimumVisualStudioVersion = 10.0.40219.1
Project("{FAE04EC0-301F-11D3-BF4B-00C04F79EFBC}") = "Amazon Image Checker", "Amazon Image Checker\Amazon Image Checker.csproj", "{65678F09-28C5-4986-8687-DC1BFEA947DA}"
EndProject
Global
	GlobalSection(SolutionConfigurationPlatforms) = preSolution
		Debug|Any CPU = Debug|Any CPU
		Release|Any CPU = Release|Any CPU
	EndGlobalSection
	GlobalSection(ProjectConfigurationPlatforms) = postSolution
		{65678F09-28C5-4986-8687-DC1BFEA947DA}.Debug|Any CPU.ActiveCfg = Debug|Any CPU
		{65678F09-28C5-4986-8687-DC1BFEA947DA}.Debug|Any CPU.Build.0 = Debug|Any CPU
		{65678F09-28C5-4986-8687-DC1BFEA947DA}.Release|Any CPU.ActiveCfg = Release|Any CPU
		{65678F09-28C5-4986-8687-DC1BFEA947DA}.Release|Any CPU.Build.0 = Release|Any CPU
	EndGlobalSection
	GlobalSection(SolutionProperties) = preSolution
		HideSolutionNode = FALSE
	EndGlobalSection
	GlobalSection(ExtensibilityGlobals) = postSolution
		SolutionGuid = {31AA0C4C-BC94-43A8-9589-9C14168331DD}
	EndGlobalSection
EndGlobal
